// !$*UTF8*$!
{
	archiveVersion = 1;
	classes = {
	};
	objectVersion = 50;
	objects = {

/* Begin PBXBuildFile section */
		1102A519207B63E2007D6406 /* CourseCardCell.xib in Resources */ = {isa = PBXBuildFile; fileRef = 1102A518207B63E2007D6406 /* CourseCardCell.xib */; };
		1102A51C207B6460007D6406 /* CourseCardCell.swift in Sources */ = {isa = PBXBuildFile; fileRef = 1102A51B207B6460007D6406 /* CourseCardCell.swift */; };
		110BEC8B207C603000F8B276 /* ScheduleViewController.swift in Sources */ = {isa = PBXBuildFile; fileRef = 110BEC8A207C603000F8B276 /* ScheduleViewController.swift */; };
		110BEC8D207C90CD00F8B276 /* NewsCell.xib in Resources */ = {isa = PBXBuildFile; fileRef = 110BEC8C207C90CD00F8B276 /* NewsCell.xib */; };
		110BEC93207C9CA500F8B276 /* NewsCollectionCell.swift in Sources */ = {isa = PBXBuildFile; fileRef = 110BEC92207C9CA500F8B276 /* NewsCollectionCell.swift */; };
		110BEC95207CC1F200F8B276 /* NewsViewController.swift in Sources */ = {isa = PBXBuildFile; fileRef = 110BEC94207CC1F200F8B276 /* NewsViewController.swift */; };
		110BEC98207CDA7900F8B276 /* MaterialNavigationBar.swift in Sources */ = {isa = PBXBuildFile; fileRef = 110BEC97207CDA7900F8B276 /* MaterialNavigationBar.swift */; };
		1155CB4B20904ABD004BBAFA /* MaterialTextView.swift in Sources */ = {isa = PBXBuildFile; fileRef = 1155CB4A20904ABD004BBAFA /* MaterialTextView.swift */; };
		1155CB4D209059A5004BBAFA /* MaterialTextView.xib in Resources */ = {isa = PBXBuildFile; fileRef = 1155CB4C209059A5004BBAFA /* MaterialTextView.xib */; };
		1155CB4F209077D2004BBAFA /* SyllabusCell.xib in Resources */ = {isa = PBXBuildFile; fileRef = 1155CB4E209077D2004BBAFA /* SyllabusCell.xib */; };
		1155CB5120907804004BBAFA /* SyllabusTableViewCell.swift in Sources */ = {isa = PBXBuildFile; fileRef = 1155CB5020907804004BBAFA /* SyllabusTableViewCell.swift */; };
		1155CB532090AF89004BBAFA /* RegisterViewController.swift in Sources */ = {isa = PBXBuildFile; fileRef = 1155CB522090AF89004BBAFA /* RegisterViewController.swift */; };
		1155CB552090B574004BBAFA /* MaterialView.swift in Sources */ = {isa = PBXBuildFile; fileRef = 1155CB542090B574004BBAFA /* MaterialView.swift */; };
		1155CB57209998A0004BBAFA /* SettingCardCell.xib in Resources */ = {isa = PBXBuildFile; fileRef = 1155CB56209998A0004BBAFA /* SettingCardCell.xib */; };
		1155CB592099991B004BBAFA /* SettingCardCell.swift in Sources */ = {isa = PBXBuildFile; fileRef = 1155CB582099991B004BBAFA /* SettingCardCell.swift */; };
		1155CB5B209999BA004BBAFA /* SettingViewController.swift in Sources */ = {isa = PBXBuildFile; fileRef = 1155CB5A209999BA004BBAFA /* SettingViewController.swift */; };
		115BB6B7207E280E00A8572F /* PullDownMenuViewController.swift in Sources */ = {isa = PBXBuildFile; fileRef = 115BB6B6207E280E00A8572F /* PullDownMenuViewController.swift */; };
		115BB6B92081D52C00A8572F /* ScheduleOption.storyboard in Resources */ = {isa = PBXBuildFile; fileRef = 115BB6B82081D52C00A8572F /* ScheduleOption.storyboard */; };
		115BB6BD2081D99D00A8572F /* EditCourseViewController.swift in Sources */ = {isa = PBXBuildFile; fileRef = 115BB6BC2081D99D00A8572F /* EditCourseViewController.swift */; };
		1188420420835653009D7F04 /* SyllabusViewController.swift in Sources */ = {isa = PBXBuildFile; fileRef = 1188420320835653009D7F04 /* SyllabusViewController.swift */; };
		1188420B20847DFA009D7F04 /* UIViewExtension.swift in Sources */ = {isa = PBXBuildFile; fileRef = 1188420A20847DFA009D7F04 /* UIViewExtension.swift */; };
		119FF55820737141006EDC6C /* AppDelegate.swift in Sources */ = {isa = PBXBuildFile; fileRef = 119FF55720737141006EDC6C /* AppDelegate.swift */; };
		119FF55D20737141006EDC6C /* Main.storyboard in Resources */ = {isa = PBXBuildFile; fileRef = 119FF55B20737141006EDC6C /* Main.storyboard */; };
		119FF55F20737143006EDC6C /* Assets.xcassets in Resources */ = {isa = PBXBuildFile; fileRef = 119FF55E20737143006EDC6C /* Assets.xcassets */; };
		119FF56220737143006EDC6C /* LaunchScreen.storyboard in Resources */ = {isa = PBXBuildFile; fileRef = 119FF56020737143006EDC6C /* LaunchScreen.storyboard */; };
		119FF56D20737143006EDC6C /* KyutechAppTests.swift in Sources */ = {isa = PBXBuildFile; fileRef = 119FF56C20737143006EDC6C /* KyutechAppTests.swift */; };
		119FF57820737143006EDC6C /* KyutechAppUITests.swift in Sources */ = {isa = PBXBuildFile; fileRef = 119FF57720737143006EDC6C /* KyutechAppUITests.swift */; };
		922409F99D159C216B7FFB82 /* Pods_KyutechAppUITests.framework in Frameworks */ = {isa = PBXBuildFile; fileRef = F4951B80191CB0FF3683A655 /* Pods_KyutechAppUITests.framework */; };
		B5E848BAF3B20FB432A43D40 /* Pods_KyutechAppTests.framework in Frameworks */ = {isa = PBXBuildFile; fileRef = 9F3A93BAC357DFAFF6C6663C /* Pods_KyutechAppTests.framework */; };
		D77C3DDC06884FC228AC69A1 /* Pods_KyutechApp.framework in Frameworks */ = {isa = PBXBuildFile; fileRef = F1242136346136949372A394 /* Pods_KyutechApp.framework */; };
/* End PBXBuildFile section */

/* Begin PBXContainerItemProxy section */
		119FF56920737143006EDC6C /* PBXContainerItemProxy */ = {
			isa = PBXContainerItemProxy;
			containerPortal = 119FF54C20737141006EDC6C /* Project object */;
			proxyType = 1;
			remoteGlobalIDString = 119FF55320737141006EDC6C;
			remoteInfo = KyutechApp;
		};
		119FF57420737143006EDC6C /* PBXContainerItemProxy */ = {
			isa = PBXContainerItemProxy;
			containerPortal = 119FF54C20737141006EDC6C /* Project object */;
			proxyType = 1;
			remoteGlobalIDString = 119FF55320737141006EDC6C;
			remoteInfo = KyutechApp;
		};
/* End PBXContainerItemProxy section */

/* Begin PBXFileReference section */
		0E0EE15F0780BFE0565B5DE6 /* Pods-KyutechAppTests.debug.xcconfig */ = {isa = PBXFileReference; includeInIndex = 1; lastKnownFileType = text.xcconfig; name = "Pods-KyutechAppTests.debug.xcconfig"; path = "Pods/Target Support Files/Pods-KyutechAppTests/Pods-KyutechAppTests.debug.xcconfig"; sourceTree = "<group>"; };
		1102A518207B63E2007D6406 /* CourseCardCell.xib */ = {isa = PBXFileReference; lastKnownFileType = file.xib; path = CourseCardCell.xib; sourceTree = "<group>"; };
		1102A51B207B6460007D6406 /* CourseCardCell.swift */ = {isa = PBXFileReference; lastKnownFileType = sourcecode.swift; path = CourseCardCell.swift; sourceTree = "<group>"; };
		110BEC8A207C603000F8B276 /* ScheduleViewController.swift */ = {isa = PBXFileReference; lastKnownFileType = sourcecode.swift; path = ScheduleViewController.swift; sourceTree = "<group>"; };
		110BEC8C207C90CD00F8B276 /* NewsCell.xib */ = {isa = PBXFileReference; lastKnownFileType = file.xib; path = NewsCell.xib; sourceTree = "<group>"; };
		110BEC92207C9CA500F8B276 /* NewsCollectionCell.swift */ = {isa = PBXFileReference; lastKnownFileType = sourcecode.swift; path = NewsCollectionCell.swift; sourceTree = "<group>"; };
		110BEC94207CC1F200F8B276 /* NewsViewController.swift */ = {isa = PBXFileReference; lastKnownFileType = sourcecode.swift; path = NewsViewController.swift; sourceTree = "<group>"; };
		110BEC97207CDA7900F8B276 /* MaterialNavigationBar.swift */ = {isa = PBXFileReference; lastKnownFileType = sourcecode.swift; path = MaterialNavigationBar.swift; sourceTree = "<group>"; };
		1155CB4A20904ABD004BBAFA /* MaterialTextView.swift */ = {isa = PBXFileReference; lastKnownFileType = sourcecode.swift; path = MaterialTextView.swift; sourceTree = "<group>"; };
		1155CB4C209059A5004BBAFA /* MaterialTextView.xib */ = {isa = PBXFileReference; lastKnownFileType = file.xib; path = MaterialTextView.xib; sourceTree = "<group>"; };
		1155CB4E209077D2004BBAFA /* SyllabusCell.xib */ = {isa = PBXFileReference; lastKnownFileType = file.xib; path = SyllabusCell.xib; sourceTree = "<group>"; };
		1155CB5020907804004BBAFA /* SyllabusTableViewCell.swift */ = {isa = PBXFileReference; lastKnownFileType = sourcecode.swift; path = SyllabusTableViewCell.swift; sourceTree = "<group>"; };
		1155CB522090AF89004BBAFA /* RegisterViewController.swift */ = {isa = PBXFileReference; lastKnownFileType = sourcecode.swift; path = RegisterViewController.swift; sourceTree = "<group>"; };
		1155CB542090B574004BBAFA /* MaterialView.swift */ = {isa = PBXFileReference; lastKnownFileType = sourcecode.swift; path = MaterialView.swift; sourceTree = "<group>"; };
		1155CB56209998A0004BBAFA /* SettingCardCell.xib */ = {isa = PBXFileReference; lastKnownFileType = file.xib; path = SettingCardCell.xib; sourceTree = "<group>"; };
		1155CB582099991B004BBAFA /* SettingCardCell.swift */ = {isa = PBXFileReference; lastKnownFileType = sourcecode.swift; path = SettingCardCell.swift; sourceTree = "<group>"; };
		1155CB5A209999BA004BBAFA /* SettingViewController.swift */ = {isa = PBXFileReference; lastKnownFileType = sourcecode.swift; path = SettingViewController.swift; sourceTree = "<group>"; };
		115BB6B6207E280E00A8572F /* PullDownMenuViewController.swift */ = {isa = PBXFileReference; lastKnownFileType = sourcecode.swift; path = PullDownMenuViewController.swift; sourceTree = "<group>"; };
		115BB6B82081D52C00A8572F /* ScheduleOption.storyboard */ = {isa = PBXFileReference; lastKnownFileType = file.storyboard; path = ScheduleOption.storyboard; sourceTree = "<group>"; };
		115BB6BC2081D99D00A8572F /* EditCourseViewController.swift */ = {isa = PBXFileReference; lastKnownFileType = sourcecode.swift; path = EditCourseViewController.swift; sourceTree = "<group>"; };
		1188420320835653009D7F04 /* SyllabusViewController.swift */ = {isa = PBXFileReference; lastKnownFileType = sourcecode.swift; path = SyllabusViewController.swift; sourceTree = "<group>"; };
		1188420A20847DFA009D7F04 /* UIViewExtension.swift */ = {isa = PBXFileReference; lastKnownFileType = sourcecode.swift; path = UIViewExtension.swift; sourceTree = "<group>"; };
		119FF55420737141006EDC6C /* KyutechApp.app */ = {isa = PBXFileReference; explicitFileType = wrapper.application; includeInIndex = 0; path = KyutechApp.app; sourceTree = BUILT_PRODUCTS_DIR; };
		119FF55720737141006EDC6C /* AppDelegate.swift */ = {isa = PBXFileReference; lastKnownFileType = sourcecode.swift; path = AppDelegate.swift; sourceTree = "<group>"; };
		119FF55C20737141006EDC6C /* Base */ = {isa = PBXFileReference; lastKnownFileType = file.storyboard; name = Base; path = Base.lproj/Main.storyboard; sourceTree = "<group>"; };
		119FF55E20737143006EDC6C /* Assets.xcassets */ = {isa = PBXFileReference; lastKnownFileType = folder.assetcatalog; path = Assets.xcassets; sourceTree = "<group>"; };
		119FF56120737143006EDC6C /* Base */ = {isa = PBXFileReference; lastKnownFileType = file.storyboard; name = Base; path = Base.lproj/LaunchScreen.storyboard; sourceTree = "<group>"; };
		119FF56320737143006EDC6C /* Info.plist */ = {isa = PBXFileReference; lastKnownFileType = text.plist.xml; path = Info.plist; sourceTree = "<group>"; };
		119FF56820737143006EDC6C /* KyutechAppTests.xctest */ = {isa = PBXFileReference; explicitFileType = wrapper.cfbundle; includeInIndex = 0; path = KyutechAppTests.xctest; sourceTree = BUILT_PRODUCTS_DIR; };
		119FF56C20737143006EDC6C /* KyutechAppTests.swift */ = {isa = PBXFileReference; lastKnownFileType = sourcecode.swift; path = KyutechAppTests.swift; sourceTree = "<group>"; };
		119FF56E20737143006EDC6C /* Info.plist */ = {isa = PBXFileReference; lastKnownFileType = text.plist.xml; path = Info.plist; sourceTree = "<group>"; };
		119FF57320737143006EDC6C /* KyutechAppUITests.xctest */ = {isa = PBXFileReference; explicitFileType = wrapper.cfbundle; includeInIndex = 0; path = KyutechAppUITests.xctest; sourceTree = BUILT_PRODUCTS_DIR; };
		119FF57720737143006EDC6C /* KyutechAppUITests.swift */ = {isa = PBXFileReference; lastKnownFileType = sourcecode.swift; path = KyutechAppUITests.swift; sourceTree = "<group>"; };
		119FF57920737143006EDC6C /* Info.plist */ = {isa = PBXFileReference; lastKnownFileType = text.plist.xml; path = Info.plist; sourceTree = "<group>"; };
		1D55FC67AAF08B52C00F159B /* Pods-KyutechApp.release.xcconfig */ = {isa = PBXFileReference; includeInIndex = 1; lastKnownFileType = text.xcconfig; name = "Pods-KyutechApp.release.xcconfig"; path = "Pods/Target Support Files/Pods-KyutechApp/Pods-KyutechApp.release.xcconfig"; sourceTree = "<group>"; };
		94E45CC5DDC041DA87DDFB17 /* Pods-KyutechAppUITests.release.xcconfig */ = {isa = PBXFileReference; includeInIndex = 1; lastKnownFileType = text.xcconfig; name = "Pods-KyutechAppUITests.release.xcconfig"; path = "Pods/Target Support Files/Pods-KyutechAppUITests/Pods-KyutechAppUITests.release.xcconfig"; sourceTree = "<group>"; };
		9F3A93BAC357DFAFF6C6663C /* Pods_KyutechAppTests.framework */ = {isa = PBXFileReference; explicitFileType = wrapper.framework; includeInIndex = 0; path = Pods_KyutechAppTests.framework; sourceTree = BUILT_PRODUCTS_DIR; };
		C51FFC54DA0A31337313F7C6 /* Pods-KyutechApp.debug.xcconfig */ = {isa = PBXFileReference; includeInIndex = 1; lastKnownFileType = text.xcconfig; name = "Pods-KyutechApp.debug.xcconfig"; path = "Pods/Target Support Files/Pods-KyutechApp/Pods-KyutechApp.debug.xcconfig"; sourceTree = "<group>"; };
		D9E2C62F6FC5E510AD2802AB /* Pods-KyutechAppTests.release.xcconfig */ = {isa = PBXFileReference; includeInIndex = 1; lastKnownFileType = text.xcconfig; name = "Pods-KyutechAppTests.release.xcconfig"; path = "Pods/Target Support Files/Pods-KyutechAppTests/Pods-KyutechAppTests.release.xcconfig"; sourceTree = "<group>"; };
		E110C61614C54D11DBF99646 /* Pods-KyutechAppUITests.debug.xcconfig */ = {isa = PBXFileReference; includeInIndex = 1; lastKnownFileType = text.xcconfig; name = "Pods-KyutechAppUITests.debug.xcconfig"; path = "Pods/Target Support Files/Pods-KyutechAppUITests/Pods-KyutechAppUITests.debug.xcconfig"; sourceTree = "<group>"; };
		F1242136346136949372A394 /* Pods_KyutechApp.framework */ = {isa = PBXFileReference; explicitFileType = wrapper.framework; includeInIndex = 0; path = Pods_KyutechApp.framework; sourceTree = BUILT_PRODUCTS_DIR; };
		F4951B80191CB0FF3683A655 /* Pods_KyutechAppUITests.framework */ = {isa = PBXFileReference; explicitFileType = wrapper.framework; includeInIndex = 0; path = Pods_KyutechAppUITests.framework; sourceTree = BUILT_PRODUCTS_DIR; };
/* End PBXFileReference section */

/* Begin PBXFrameworksBuildPhase section */
		119FF55120737141006EDC6C /* Frameworks */ = {
			isa = PBXFrameworksBuildPhase;
			buildActionMask = 2147483647;
			files = (
				D77C3DDC06884FC228AC69A1 /* Pods_KyutechApp.framework in Frameworks */,
			);
			runOnlyForDeploymentPostprocessing = 0;
		};
		119FF56520737143006EDC6C /* Frameworks */ = {
			isa = PBXFrameworksBuildPhase;
			buildActionMask = 2147483647;
			files = (
				B5E848BAF3B20FB432A43D40 /* Pods_KyutechAppTests.framework in Frameworks */,
			);
			runOnlyForDeploymentPostprocessing = 0;
		};
		119FF57020737143006EDC6C /* Frameworks */ = {
			isa = PBXFrameworksBuildPhase;
			buildActionMask = 2147483647;
			files = (
				922409F99D159C216B7FFB82 /* Pods_KyutechAppUITests.framework in Frameworks */,
			);
			runOnlyForDeploymentPostprocessing = 0;
		};
/* End PBXFrameworksBuildPhase section */

/* Begin PBXGroup section */
		1102A51A207B6422007D6406 /* Components */ = {
			isa = PBXGroup;
			children = (
				1102A51B207B6460007D6406 /* CourseCardCell.swift */,
				110BEC97207CDA7900F8B276 /* MaterialNavigationBar.swift */,
				1155CB4A20904ABD004BBAFA /* MaterialTextView.swift */,
				1155CB542090B574004BBAFA /* MaterialView.swift */,
				110BEC92207C9CA500F8B276 /* NewsCollectionCell.swift */,
				1155CB5020907804004BBAFA /* SyllabusTableViewCell.swift */,
				1155CB582099991B004BBAFA /* SettingCardCell.swift */,
			);
			path = Components;
			sourceTree = "<group>";
		};
		111F4D1C207B5FD8007E7270 /* Xibs */ = {
			isa = PBXGroup;
			children = (
				1102A518207B63E2007D6406 /* CourseCardCell.xib */,
				1155CB4C209059A5004BBAFA /* MaterialTextView.xib */,
				110BEC8C207C90CD00F8B276 /* NewsCell.xib */,
				1155CB4E209077D2004BBAFA /* SyllabusCell.xib */,
				1155CB56209998A0004BBAFA /* SettingCardCell.xib */,
			);
			path = Xibs;
			sourceTree = "<group>";
		};
		111F4D1D207B5FE7007E7270 /* ViewControllers */ = {
			isa = PBXGroup;
			children = (
				110BEC8A207C603000F8B276 /* ScheduleViewController.swift */,
				1188420320835653009D7F04 /* SyllabusViewController.swift */,
				1155CB5A209999BA004BBAFA /* SettingViewController.swift */,
				115BB6BC2081D99D00A8572F /* EditCourseViewController.swift */,
				1155CB522090AF89004BBAFA /* RegisterViewController.swift */,
				115BB6B6207E280E00A8572F /* PullDownMenuViewController.swift */,
				110BEC94207CC1F200F8B276 /* NewsViewController.swift */,
			);
			path = ViewControllers;
			sourceTree = "<group>";
		};
		111F4D1E207B5FFD007E7270 /* Storyboards */ = {
			isa = PBXGroup;
			children = (
				119FF55B20737141006EDC6C /* Main.storyboard */,
				119FF56020737143006EDC6C /* LaunchScreen.storyboard */,
				115BB6B82081D52C00A8572F /* ScheduleOption.storyboard */,
			);
			path = Storyboards;
			sourceTree = "<group>";
		};
		1188420920847DE6009D7F04 /* Extensions */ = {
			isa = PBXGroup;
			children = (
				1188420A20847DFA009D7F04 /* UIViewExtension.swift */,
			);
			path = Extensions;
			sourceTree = "<group>";
		};
		119FF54B20737140006EDC6C = {
			isa = PBXGroup;
			children = (
				119FF55620737141006EDC6C /* KyutechApp */,
				119FF56B20737143006EDC6C /* KyutechAppTests */,
				119FF57620737143006EDC6C /* KyutechAppUITests */,
				119FF55520737141006EDC6C /* Products */,
				82267FDE85E5D50B4C69355E /* Pods */,
				BFD54843A108E2A2660773F1 /* Frameworks */,
			);
			sourceTree = "<group>";
		};
		119FF55520737141006EDC6C /* Products */ = {
			isa = PBXGroup;
			children = (
				119FF55420737141006EDC6C /* KyutechApp.app */,
				119FF56820737143006EDC6C /* KyutechAppTests.xctest */,
				119FF57320737143006EDC6C /* KyutechAppUITests.xctest */,
			);
			name = Products;
			sourceTree = "<group>";
		};
		119FF55620737141006EDC6C /* KyutechApp */ = {
			isa = PBXGroup;
			children = (
				119FF55720737141006EDC6C /* AppDelegate.swift */,
				1188420920847DE6009D7F04 /* Extensions */,
				1102A51A207B6422007D6406 /* Components */,
				111F4D1E207B5FFD007E7270 /* Storyboards */,
				111F4D1D207B5FE7007E7270 /* ViewControllers */,
				111F4D1C207B5FD8007E7270 /* Xibs */,
				119FF55E20737143006EDC6C /* Assets.xcassets */,
				119FF56320737143006EDC6C /* Info.plist */,
			);
			path = KyutechApp;
			sourceTree = "<group>";
		};
		119FF56B20737143006EDC6C /* KyutechAppTests */ = {
			isa = PBXGroup;
			children = (
				119FF56C20737143006EDC6C /* KyutechAppTests.swift */,
				119FF56E20737143006EDC6C /* Info.plist */,
			);
			path = KyutechAppTests;
			sourceTree = "<group>";
		};
		119FF57620737143006EDC6C /* KyutechAppUITests */ = {
			isa = PBXGroup;
			children = (
				119FF57720737143006EDC6C /* KyutechAppUITests.swift */,
				119FF57920737143006EDC6C /* Info.plist */,
			);
			path = KyutechAppUITests;
			sourceTree = "<group>";
		};
		82267FDE85E5D50B4C69355E /* Pods */ = {
			isa = PBXGroup;
			children = (
				C51FFC54DA0A31337313F7C6 /* Pods-KyutechApp.debug.xcconfig */,
				1D55FC67AAF08B52C00F159B /* Pods-KyutechApp.release.xcconfig */,
				0E0EE15F0780BFE0565B5DE6 /* Pods-KyutechAppTests.debug.xcconfig */,
				D9E2C62F6FC5E510AD2802AB /* Pods-KyutechAppTests.release.xcconfig */,
				E110C61614C54D11DBF99646 /* Pods-KyutechAppUITests.debug.xcconfig */,
				94E45CC5DDC041DA87DDFB17 /* Pods-KyutechAppUITests.release.xcconfig */,
			);
			name = Pods;
			sourceTree = "<group>";
		};
		BFD54843A108E2A2660773F1 /* Frameworks */ = {
			isa = PBXGroup;
			children = (
				F1242136346136949372A394 /* Pods_KyutechApp.framework */,
				9F3A93BAC357DFAFF6C6663C /* Pods_KyutechAppTests.framework */,
				F4951B80191CB0FF3683A655 /* Pods_KyutechAppUITests.framework */,
			);
			name = Frameworks;
			sourceTree = "<group>";
		};
/* End PBXGroup section */

/* Begin PBXNativeTarget section */
		119FF55320737141006EDC6C /* KyutechApp */ = {
			isa = PBXNativeTarget;
			buildConfigurationList = 119FF57C20737143006EDC6C /* Build configuration list for PBXNativeTarget "KyutechApp" */;
			buildPhases = (
				87A35271D8DDF45DAB0D9118 /* [CP] Check Pods Manifest.lock */,
				119FF55020737141006EDC6C /* Sources */,
				119FF55120737141006EDC6C /* Frameworks */,
				119FF55220737141006EDC6C /* Resources */,
				40CB8CDA81DAD2798F3C68FE /* [CP] Embed Pods Frameworks */,
			);
			buildRules = (
			);
			dependencies = (
			);
			name = KyutechApp;
			productName = KyutechApp;
			productReference = 119FF55420737141006EDC6C /* KyutechApp.app */;
			productType = "com.apple.product-type.application";
		};
		119FF56720737143006EDC6C /* KyutechAppTests */ = {
			isa = PBXNativeTarget;
			buildConfigurationList = 119FF57F20737143006EDC6C /* Build configuration list for PBXNativeTarget "KyutechAppTests" */;
			buildPhases = (
				5B27AB325564E8B314A7F69B /* [CP] Check Pods Manifest.lock */,
				119FF56420737143006EDC6C /* Sources */,
				119FF56520737143006EDC6C /* Frameworks */,
				119FF56620737143006EDC6C /* Resources */,
			);
			buildRules = (
			);
			dependencies = (
				119FF56A20737143006EDC6C /* PBXTargetDependency */,
			);
			name = KyutechAppTests;
			productName = KyutechAppTests;
			productReference = 119FF56820737143006EDC6C /* KyutechAppTests.xctest */;
			productType = "com.apple.product-type.bundle.unit-test";
		};
		119FF57220737143006EDC6C /* KyutechAppUITests */ = {
			isa = PBXNativeTarget;
			buildConfigurationList = 119FF58220737143006EDC6C /* Build configuration list for PBXNativeTarget "KyutechAppUITests" */;
			buildPhases = (
				1C9E9E38AAEE86CDEDB7BA4A /* [CP] Check Pods Manifest.lock */,
				119FF56F20737143006EDC6C /* Sources */,
				119FF57020737143006EDC6C /* Frameworks */,
				119FF57120737143006EDC6C /* Resources */,
			);
			buildRules = (
			);
			dependencies = (
				119FF57520737143006EDC6C /* PBXTargetDependency */,
			);
			name = KyutechAppUITests;
			productName = KyutechAppUITests;
			productReference = 119FF57320737143006EDC6C /* KyutechAppUITests.xctest */;
			productType = "com.apple.product-type.bundle.ui-testing";
		};
/* End PBXNativeTarget section */

/* Begin PBXProject section */
		119FF54C20737141006EDC6C /* Project object */ = {
			isa = PBXProject;
			attributes = {
				LastSwiftUpdateCheck = 0930;
				LastUpgradeCheck = 0930;
				ORGANIZATIONNAME = "小西篤志";
				TargetAttributes = {
					119FF55320737141006EDC6C = {
						CreatedOnToolsVersion = 9.3;
					};
					119FF56720737143006EDC6C = {
						CreatedOnToolsVersion = 9.3;
						TestTargetID = 119FF55320737141006EDC6C;
					};
					119FF57220737143006EDC6C = {
						CreatedOnToolsVersion = 9.3;
						TestTargetID = 119FF55320737141006EDC6C;
					};
				};
			};
			buildConfigurationList = 119FF54F20737141006EDC6C /* Build configuration list for PBXProject "KyutechApp" */;
			compatibilityVersion = "Xcode 9.3";
			developmentRegion = en;
			hasScannedForEncodings = 0;
			knownRegions = (
				en,
				Base,
			);
			mainGroup = 119FF54B20737140006EDC6C;
			productRefGroup = 119FF55520737141006EDC6C /* Products */;
			projectDirPath = "";
			projectRoot = "";
			targets = (
				119FF55320737141006EDC6C /* KyutechApp */,
				119FF56720737143006EDC6C /* KyutechAppTests */,
				119FF57220737143006EDC6C /* KyutechAppUITests */,
			);
		};
/* End PBXProject section */

/* Begin PBXResourcesBuildPhase section */
		119FF55220737141006EDC6C /* Resources */ = {
			isa = PBXResourcesBuildPhase;
			buildActionMask = 2147483647;
			files = (
				1102A519207B63E2007D6406 /* CourseCardCell.xib in Resources */,
				1155CB57209998A0004BBAFA /* SettingCardCell.xib in Resources */,
				119FF56220737143006EDC6C /* LaunchScreen.storyboard in Resources */,
				115BB6B92081D52C00A8572F /* ScheduleOption.storyboard in Resources */,
				110BEC8D207C90CD00F8B276 /* NewsCell.xib in Resources */,
				1155CB4D209059A5004BBAFA /* MaterialTextView.xib in Resources */,
				119FF55F20737143006EDC6C /* Assets.xcassets in Resources */,
				119FF55D20737141006EDC6C /* Main.storyboard in Resources */,
				1155CB4F209077D2004BBAFA /* SyllabusCell.xib in Resources */,
			);
			runOnlyForDeploymentPostprocessing = 0;
		};
		119FF56620737143006EDC6C /* Resources */ = {
			isa = PBXResourcesBuildPhase;
			buildActionMask = 2147483647;
			files = (
			);
			runOnlyForDeploymentPostprocessing = 0;
		};
		119FF57120737143006EDC6C /* Resources */ = {
			isa = PBXResourcesBuildPhase;
			buildActionMask = 2147483647;
			files = (
			);
			runOnlyForDeploymentPostprocessing = 0;
		};
/* End PBXResourcesBuildPhase section */

/* Begin PBXShellScriptBuildPhase section */
		1C9E9E38AAEE86CDEDB7BA4A /* [CP] Check Pods Manifest.lock */ = {
			isa = PBXShellScriptBuildPhase;
			buildActionMask = 2147483647;
			files = (
			);
			inputPaths = (
				"${PODS_PODFILE_DIR_PATH}/Podfile.lock",
				"${PODS_ROOT}/Manifest.lock",
			);
			name = "[CP] Check Pods Manifest.lock";
			outputPaths = (
				"$(DERIVED_FILE_DIR)/Pods-KyutechAppUITests-checkManifestLockResult.txt",
			);
			runOnlyForDeploymentPostprocessing = 0;
			shellPath = /bin/sh;
			shellScript = "diff \"${PODS_PODFILE_DIR_PATH}/Podfile.lock\" \"${PODS_ROOT}/Manifest.lock\" > /dev/null\nif [ $? != 0 ] ; then\n    # print error to STDERR\n    echo \"error: The sandbox is not in sync with the Podfile.lock. Run 'pod install' or update your CocoaPods installation.\" >&2\n    exit 1\nfi\n# This output is used by Xcode 'outputs' to avoid re-running this script phase.\necho \"SUCCESS\" > \"${SCRIPT_OUTPUT_FILE_0}\"\n";
			showEnvVarsInLog = 0;
		};
		40CB8CDA81DAD2798F3C68FE /* [CP] Embed Pods Frameworks */ = {
			isa = PBXShellScriptBuildPhase;
			buildActionMask = 2147483647;
			files = (
			);
			inputPaths = (
				"${SRCROOT}/Pods/Target Support Files/Pods-KyutechApp/Pods-KyutechApp-frameworks.sh",
				"${BUILT_PRODUCTS_DIR}/MDFInternationalization/MDFInternationalization.framework",
				"${BUILT_PRODUCTS_DIR}/MDFTextAccessibility/MDFTextAccessibility.framework",
				"${BUILT_PRODUCTS_DIR}/MaterialComponents/MaterialComponents.framework",
				"${BUILT_PRODUCTS_DIR}/MotionAnimator/MotionAnimator.framework",
				"${BUILT_PRODUCTS_DIR}/MotionInterchange/MotionInterchange.framework",
				"${BUILT_PRODUCTS_DIR}/MotionTransitioning/MotionTransitioning.framework",
			);
			name = "[CP] Embed Pods Frameworks";
			outputPaths = (
				"${TARGET_BUILD_DIR}/${FRAMEWORKS_FOLDER_PATH}/MDFInternationalization.framework",
				"${TARGET_BUILD_DIR}/${FRAMEWORKS_FOLDER_PATH}/MDFTextAccessibility.framework",
				"${TARGET_BUILD_DIR}/${FRAMEWORKS_FOLDER_PATH}/MaterialComponents.framework",
				"${TARGET_BUILD_DIR}/${FRAMEWORKS_FOLDER_PATH}/MotionAnimator.framework",
				"${TARGET_BUILD_DIR}/${FRAMEWORKS_FOLDER_PATH}/MotionInterchange.framework",
				"${TARGET_BUILD_DIR}/${FRAMEWORKS_FOLDER_PATH}/MotionTransitioning.framework",
			);
			runOnlyForDeploymentPostprocessing = 0;
			shellPath = /bin/sh;
			shellScript = "\"${SRCROOT}/Pods/Target Support Files/Pods-KyutechApp/Pods-KyutechApp-frameworks.sh\"\n";
			showEnvVarsInLog = 0;
		};
		5B27AB325564E8B314A7F69B /* [CP] Check Pods Manifest.lock */ = {
			isa = PBXShellScriptBuildPhase;
			buildActionMask = 2147483647;
			files = (
			);
			inputPaths = (
				"${PODS_PODFILE_DIR_PATH}/Podfile.lock",
				"${PODS_ROOT}/Manifest.lock",
			);
			name = "[CP] Check Pods Manifest.lock";
			outputPaths = (
				"$(DERIVED_FILE_DIR)/Pods-KyutechAppTests-checkManifestLockResult.txt",
			);
			runOnlyForDeploymentPostprocessing = 0;
			shellPath = /bin/sh;
			shellScript = "diff \"${PODS_PODFILE_DIR_PATH}/Podfile.lock\" \"${PODS_ROOT}/Manifest.lock\" > /dev/null\nif [ $? != 0 ] ; then\n    # print error to STDERR\n    echo \"error: The sandbox is not in sync with the Podfile.lock. Run 'pod install' or update your CocoaPods installation.\" >&2\n    exit 1\nfi\n# This output is used by Xcode 'outputs' to avoid re-running this script phase.\necho \"SUCCESS\" > \"${SCRIPT_OUTPUT_FILE_0}\"\n";
			showEnvVarsInLog = 0;
		};
		87A35271D8DDF45DAB0D9118 /* [CP] Check Pods Manifest.lock */ = {
			isa = PBXShellScriptBuildPhase;
			buildActionMask = 2147483647;
			files = (
			);
			inputPaths = (
				"${PODS_PODFILE_DIR_PATH}/Podfile.lock",
				"${PODS_ROOT}/Manifest.lock",
			);
			name = "[CP] Check Pods Manifest.lock";
			outputPaths = (
				"$(DERIVED_FILE_DIR)/Pods-KyutechApp-checkManifestLockResult.txt",
			);
			runOnlyForDeploymentPostprocessing = 0;
			shellPath = /bin/sh;
			shellScript = "diff \"${PODS_PODFILE_DIR_PATH}/Podfile.lock\" \"${PODS_ROOT}/Manifest.lock\" > /dev/null\nif [ $? != 0 ] ; then\n    # print error to STDERR\n    echo \"error: The sandbox is not in sync with the Podfile.lock. Run 'pod install' or update your CocoaPods installation.\" >&2\n    exit 1\nfi\n# This output is used by Xcode 'outputs' to avoid re-running this script phase.\necho \"SUCCESS\" > \"${SCRIPT_OUTPUT_FILE_0}\"\n";
			showEnvVarsInLog = 0;
		};
/* End PBXShellScriptBuildPhase section */

/* Begin PBXSourcesBuildPhase section */
		119FF55020737141006EDC6C /* Sources */ = {
			isa = PBXSourcesBuildPhase;
			buildActionMask = 2147483647;
			files = (
				1155CB592099991B004BBAFA /* SettingCardCell.swift in Sources */,
				1155CB4B20904ABD004BBAFA /* MaterialTextView.swift in Sources */,
				110BEC93207C9CA500F8B276 /* NewsCollectionCell.swift in Sources */,
				1155CB5B209999BA004BBAFA /* SettingViewController.swift in Sources */,
				115BB6B7207E280E00A8572F /* PullDownMenuViewController.swift in Sources */,
				110BEC8B207C603000F8B276 /* ScheduleViewController.swift in Sources */,
				110BEC98207CDA7900F8B276 /* MaterialNavigationBar.swift in Sources */,
				1155CB552090B574004BBAFA /* MaterialView.swift in Sources */,
				1155CB5120907804004BBAFA /* SyllabusTableViewCell.swift in Sources */,
				1102A51C207B6460007D6406 /* CourseCardCell.swift in Sources */,
				1188420420835653009D7F04 /* SyllabusViewController.swift in Sources */,
				110BEC95207CC1F200F8B276 /* NewsViewController.swift in Sources */,
				119FF55820737141006EDC6C /* AppDelegate.swift in Sources */,
				1155CB532090AF89004BBAFA /* RegisterViewController.swift in Sources */,
				1188420B20847DFA009D7F04 /* UIViewExtension.swift in Sources */,
				115BB6BD2081D99D00A8572F /* EditCourseViewController.swift in Sources */,
			);
			runOnlyForDeploymentPostprocessing = 0;
		};
		119FF56420737143006EDC6C /* Sources */ = {
			isa = PBXSourcesBuildPhase;
			buildActionMask = 2147483647;
			files = (
				119FF56D20737143006EDC6C /* KyutechAppTests.swift in Sources */,
			);
			runOnlyForDeploymentPostprocessing = 0;
		};
		119FF56F20737143006EDC6C /* Sources */ = {
			isa = PBXSourcesBuildPhase;
			buildActionMask = 2147483647;
			files = (
				119FF57820737143006EDC6C /* KyutechAppUITests.swift in Sources */,
			);
			runOnlyForDeploymentPostprocessing = 0;
		};
/* End PBXSourcesBuildPhase section */

/* Begin PBXTargetDependency section */
		119FF56A20737143006EDC6C /* PBXTargetDependency */ = {
			isa = PBXTargetDependency;
			target = 119FF55320737141006EDC6C /* KyutechApp */;
			targetProxy = 119FF56920737143006EDC6C /* PBXContainerItemProxy */;
		};
		119FF57520737143006EDC6C /* PBXTargetDependency */ = {
			isa = PBXTargetDependency;
			target = 119FF55320737141006EDC6C /* KyutechApp */;
			targetProxy = 119FF57420737143006EDC6C /* PBXContainerItemProxy */;
		};
/* End PBXTargetDependency section */

/* Begin PBXVariantGroup section */
		119FF55B20737141006EDC6C /* Main.storyboard */ = {
			isa = PBXVariantGroup;
			children = (
				119FF55C20737141006EDC6C /* Base */,
			);
			name = Main.storyboard;
			sourceTree = "<group>";
		};
		119FF56020737143006EDC6C /* LaunchScreen.storyboard */ = {
			isa = PBXVariantGroup;
			children = (
				119FF56120737143006EDC6C /* Base */,
			);
			name = LaunchScreen.storyboard;
			sourceTree = "<group>";
		};
/* End PBXVariantGroup section */

/* Begin XCBuildConfiguration section */
		119FF57A20737143006EDC6C /* Debug */ = {
			isa = XCBuildConfiguration;
			buildSettings = {
				ALWAYS_SEARCH_USER_PATHS = NO;
				CLANG_ANALYZER_NONNULL = YES;
				CLANG_ANALYZER_NUMBER_OBJECT_CONVERSION = YES_AGGRESSIVE;
				CLANG_CXX_LANGUAGE_STANDARD = "gnu++14";
				CLANG_CXX_LIBRARY = "libc++";
				CLANG_ENABLE_MODULES = YES;
				CLANG_ENABLE_OBJC_ARC = YES;
				CLANG_ENABLE_OBJC_WEAK = YES;
				CLANG_WARN_BLOCK_CAPTURE_AUTORELEASING = YES;
				CLANG_WARN_BOOL_CONVERSION = YES;
				CLANG_WARN_COMMA = YES;
				CLANG_WARN_CONSTANT_CONVERSION = YES;
				CLANG_WARN_DEPRECATED_OBJC_IMPLEMENTATIONS = YES;
				CLANG_WARN_DIRECT_OBJC_ISA_USAGE = YES_ERROR;
				CLANG_WARN_DOCUMENTATION_COMMENTS = YES;
				CLANG_WARN_EMPTY_BODY = YES;
				CLANG_WARN_ENUM_CONVERSION = YES;
				CLANG_WARN_INFINITE_RECURSION = YES;
				CLANG_WARN_INT_CONVERSION = YES;
				CLANG_WARN_NON_LITERAL_NULL_CONVERSION = YES;
				CLANG_WARN_OBJC_IMPLICIT_RETAIN_SELF = YES;
				CLANG_WARN_OBJC_LITERAL_CONVERSION = YES;
				CLANG_WARN_OBJC_ROOT_CLASS = YES_ERROR;
				CLANG_WARN_RANGE_LOOP_ANALYSIS = YES;
				CLANG_WARN_STRICT_PROTOTYPES = YES;
				CLANG_WARN_SUSPICIOUS_MOVE = YES;
				CLANG_WARN_UNGUARDED_AVAILABILITY = YES_AGGRESSIVE;
				CLANG_WARN_UNREACHABLE_CODE = YES;
				CLANG_WARN__DUPLICATE_METHOD_MATCH = YES;
				CODE_SIGN_IDENTITY = "iPhone Developer";
				COPY_PHASE_STRIP = NO;
				DEBUG_INFORMATION_FORMAT = dwarf;
				ENABLE_STRICT_OBJC_MSGSEND = YES;
				ENABLE_TESTABILITY = YES;
				GCC_C_LANGUAGE_STANDARD = gnu11;
				GCC_DYNAMIC_NO_PIC = NO;
				GCC_NO_COMMON_BLOCKS = YES;
				GCC_OPTIMIZATION_LEVEL = 0;
				GCC_PREPROCESSOR_DEFINITIONS = (
					"DEBUG=1",
					"$(inherited)",
				);
				GCC_WARN_64_TO_32_BIT_CONVERSION = YES;
				GCC_WARN_ABOUT_RETURN_TYPE = YES_ERROR;
				GCC_WARN_UNDECLARED_SELECTOR = YES;
				GCC_WARN_UNINITIALIZED_AUTOS = YES_AGGRESSIVE;
				GCC_WARN_UNUSED_FUNCTION = YES;
				GCC_WARN_UNUSED_VARIABLE = YES;
				IPHONEOS_DEPLOYMENT_TARGET = 11.3;
				MTL_ENABLE_DEBUG_INFO = YES;
				ONLY_ACTIVE_ARCH = YES;
				SDKROOT = iphoneos;
				SWIFT_ACTIVE_COMPILATION_CONDITIONS = DEBUG;
				SWIFT_OPTIMIZATION_LEVEL = "-Onone";
			};
			name = Debug;
		};
		119FF57B20737143006EDC6C /* Release */ = {
			isa = XCBuildConfiguration;
			buildSettings = {
				ALWAYS_SEARCH_USER_PATHS = NO;
				CLANG_ANALYZER_NONNULL = YES;
				CLANG_ANALYZER_NUMBER_OBJECT_CONVERSION = YES_AGGRESSIVE;
				CLANG_CXX_LANGUAGE_STANDARD = "gnu++14";
				CLANG_CXX_LIBRARY = "libc++";
				CLANG_ENABLE_MODULES = YES;
				CLANG_ENABLE_OBJC_ARC = YES;
				CLANG_ENABLE_OBJC_WEAK = YES;
				CLANG_WARN_BLOCK_CAPTURE_AUTORELEASING = YES;
				CLANG_WARN_BOOL_CONVERSION = YES;
				CLANG_WARN_COMMA = YES;
				CLANG_WARN_CONSTANT_CONVERSION = YES;
				CLANG_WARN_DEPRECATED_OBJC_IMPLEMENTATIONS = YES;
				CLANG_WARN_DIRECT_OBJC_ISA_USAGE = YES_ERROR;
				CLANG_WARN_DOCUMENTATION_COMMENTS = YES;
				CLANG_WARN_EMPTY_BODY = YES;
				CLANG_WARN_ENUM_CONVERSION = YES;
				CLANG_WARN_INFINITE_RECURSION = YES;
				CLANG_WARN_INT_CONVERSION = YES;
				CLANG_WARN_NON_LITERAL_NULL_CONVERSION = YES;
				CLANG_WARN_OBJC_IMPLICIT_RETAIN_SELF = YES;
				CLANG_WARN_OBJC_LITERAL_CONVERSION = YES;
				CLANG_WARN_OBJC_ROOT_CLASS = YES_ERROR;
				CLANG_WARN_RANGE_LOOP_ANALYSIS = YES;
				CLANG_WARN_STRICT_PROTOTYPES = YES;
				CLANG_WARN_SUSPICIOUS_MOVE = YES;
				CLANG_WARN_UNGUARDED_AVAILABILITY = YES_AGGRESSIVE;
				CLANG_WARN_UNREACHABLE_CODE = YES;
				CLANG_WARN__DUPLICATE_METHOD_MATCH = YES;
				CODE_SIGN_IDENTITY = "iPhone Developer";
				COPY_PHASE_STRIP = NO;
				DEBUG_INFORMATION_FORMAT = "dwarf-with-dsym";
				ENABLE_NS_ASSERTIONS = NO;
				ENABLE_STRICT_OBJC_MSGSEND = YES;
				GCC_C_LANGUAGE_STANDARD = gnu11;
				GCC_NO_COMMON_BLOCKS = YES;
				GCC_WARN_64_TO_32_BIT_CONVERSION = YES;
				GCC_WARN_ABOUT_RETURN_TYPE = YES_ERROR;
				GCC_WARN_UNDECLARED_SELECTOR = YES;
				GCC_WARN_UNINITIALIZED_AUTOS = YES_AGGRESSIVE;
				GCC_WARN_UNUSED_FUNCTION = YES;
				GCC_WARN_UNUSED_VARIABLE = YES;
				IPHONEOS_DEPLOYMENT_TARGET = 11.3;
				MTL_ENABLE_DEBUG_INFO = NO;
				SDKROOT = iphoneos;
				SWIFT_COMPILATION_MODE = wholemodule;
				SWIFT_OPTIMIZATION_LEVEL = "-O";
				VALIDATE_PRODUCT = YES;
			};
			name = Release;
		};
		119FF57D20737143006EDC6C /* Debug */ = {
			isa = XCBuildConfiguration;
			baseConfigurationReference = C51FFC54DA0A31337313F7C6 /* Pods-KyutechApp.debug.xcconfig */;
			buildSettings = {
				ASSETCATALOG_COMPILER_APPICON_NAME = AppIcon;
				CODE_SIGN_STYLE = Automatic;
				DEVELOPMENT_TEAM = 3MTZVUAQ6V;
				INFOPLIST_FILE = KyutechApp/Info.plist;
				IPHONEOS_DEPLOYMENT_TARGET = 10.0;
				LD_RUNPATH_SEARCH_PATHS = (
					"$(inherited)",
					"@executable_path/Frameworks",
				);
				PRODUCT_BUNDLE_IDENTIFIER = jp.domain.KyutechApp;
				PRODUCT_NAME = "$(TARGET_NAME)";
				SWIFT_VERSION = 4.0;
				TARGETED_DEVICE_FAMILY = "1,2";
			};
			name = Debug;
		};
		119FF57E20737143006EDC6C /* Release */ = {
			isa = XCBuildConfiguration;
			baseConfigurationReference = 1D55FC67AAF08B52C00F159B /* Pods-KyutechApp.release.xcconfig */;
			buildSettings = {
				ASSETCATALOG_COMPILER_APPICON_NAME = AppIcon;
				CODE_SIGN_STYLE = Automatic;
				DEVELOPMENT_TEAM = 3MTZVUAQ6V;
				INFOPLIST_FILE = KyutechApp/Info.plist;
				IPHONEOS_DEPLOYMENT_TARGET = 10.0;
				LD_RUNPATH_SEARCH_PATHS = (
					"$(inherited)",
					"@executable_path/Frameworks",
				);
				PRODUCT_BUNDLE_IDENTIFIER = jp.domain.KyutechApp;
				PRODUCT_NAME = "$(TARGET_NAME)";
				SWIFT_VERSION = 4.0;
				TARGETED_DEVICE_FAMILY = "1,2";
			};
			name = Release;
		};
		119FF58020737143006EDC6C /* Debug */ = {
			isa = XCBuildConfiguration;
			baseConfigurationReference = 0E0EE15F0780BFE0565B5DE6 /* Pods-KyutechAppTests.debug.xcconfig */;
			buildSettings = {
				ALWAYS_EMBED_SWIFT_STANDARD_LIBRARIES = YES;
				BUNDLE_LOADER = "$(TEST_HOST)";
				CODE_SIGN_STYLE = Automatic;
				DEVELOPMENT_TEAM = 3MTZVUAQ6V;
				INFOPLIST_FILE = KyutechAppTests/Info.plist;
				LD_RUNPATH_SEARCH_PATHS = (
					"$(inherited)",
					"@executable_path/Frameworks",
					"@loader_path/Frameworks",
				);
				PRODUCT_BUNDLE_IDENTIFIER = jp.domain.KyutechAppTests;
				PRODUCT_NAME = "$(TARGET_NAME)";
				SWIFT_VERSION = 4.0;
				TARGETED_DEVICE_FAMILY = "1,2";
				TEST_HOST = "$(BUILT_PRODUCTS_DIR)/KyutechApp.app/KyutechApp";
			};
			name = Debug;
		};
		119FF58120737143006EDC6C /* Release */ = {
			isa = XCBuildConfiguration;
			baseConfigurationReference = D9E2C62F6FC5E510AD2802AB /* Pods-KyutechAppTests.release.xcconfig */;
			buildSettings = {
				ALWAYS_EMBED_SWIFT_STANDARD_LIBRARIES = YES;
				BUNDLE_LOADER = "$(TEST_HOST)";
				CODE_SIGN_STYLE = Automatic;
				DEVELOPMENT_TEAM = 3MTZVUAQ6V;
				INFOPLIST_FILE = KyutechAppTests/Info.plist;
				LD_RUNPATH_SEARCH_PATHS = (
					"$(inherited)",
					"@executable_path/Frameworks",
					"@loader_path/Frameworks",
				);
				PRODUCT_BUNDLE_IDENTIFIER = jp.domain.KyutechAppTests;
				PRODUCT_NAME = "$(TARGET_NAME)";
				SWIFT_VERSION = 4.0;
				TARGETED_DEVICE_FAMILY = "1,2";
				TEST_HOST = "$(BUILT_PRODUCTS_DIR)/KyutechApp.app/KyutechApp";
			};
			name = Release;
		};
		119FF58320737143006EDC6C /* Debug */ = {
			isa = XCBuildConfiguration;
			baseConfigurationReference = E110C61614C54D11DBF99646 /* Pods-KyutechAppUITests.debug.xcconfig */;
			buildSettings = {
				ALWAYS_EMBED_SWIFT_STANDARD_LIBRARIES = YES;
				CODE_SIGN_STYLE = Automatic;
				DEVELOPMENT_TEAM = 3MTZVUAQ6V;
				INFOPLIST_FILE = KyutechAppUITests/Info.plist;
				LD_RUNPATH_SEARCH_PATHS = (
					"$(inherited)",
					"@executable_path/Frameworks",
					"@loader_path/Frameworks",
				);
				PRODUCT_BUNDLE_IDENTIFIER = jp.domain.KyutechAppUITests;
				PRODUCT_NAME = "$(TARGET_NAME)";
				SWIFT_VERSION = 4.0;
				TARGETED_DEVICE_FAMILY = "1,2";
				TEST_TARGET_NAME = KyutechApp;
			};
			name = Debug;
		};
		119FF58420737143006EDC6C /* Release */ = {
			isa = XCBuildConfiguration;
			baseConfigurationReference = 94E45CC5DDC041DA87DDFB17 /* Pods-KyutechAppUITests.release.xcconfig */;
			buildSettings = {
				ALWAYS_EMBED_SWIFT_STANDARD_LIBRARIES = YES;
				CODE_SIGN_STYLE = Automatic;
				DEVELOPMENT_TEAM = 3MTZVUAQ6V;
				INFOPLIST_FILE = KyutechAppUITests/Info.plist;
				LD_RUNPATH_SEARCH_PATHS = (
					"$(inherited)",
					"@executable_path/Frameworks",
					"@loader_path/Frameworks",
				);
				PRODUCT_BUNDLE_IDENTIFIER = jp.domain.KyutechAppUITests;
				PRODUCT_NAME = "$(TARGET_NAME)";
				SWIFT_VERSION = 4.0;
				TARGETED_DEVICE_FAMILY = "1,2";
				TEST_TARGET_NAME = KyutechApp;
			};
			name = Release;
		};
/* End XCBuildConfiguration section */

/* Begin XCConfigurationList section */
		119FF54F20737141006EDC6C /* Build configuration list for PBXProject "KyutechApp" */ = {
			isa = XCConfigurationList;
			buildConfigurations = (
				119FF57A20737143006EDC6C /* Debug */,
				119FF57B20737143006EDC6C /* Release */,
			);
			defaultConfigurationIsVisible = 0;
			defaultConfigurationName = Release;
		};
		119FF57C20737143006EDC6C /* Build configuration list for PBXNativeTarget "KyutechApp" */ = {
			isa = XCConfigurationList;
			buildConfigurations = (
				119FF57D20737143006EDC6C /* Debug */,
				119FF57E20737143006EDC6C /* Release */,
			);
			defaultConfigurationIsVisible = 0;
			defaultConfigurationName = Release;
		};
		119FF57F20737143006EDC6C /* Build configuration list for PBXNativeTarget "KyutechAppTests" */ = {
			isa = XCConfigurationList;
			buildConfigurations = (
				119FF58020737143006EDC6C /* Debug */,
				119FF58120737143006EDC6C /* Release */,
			);
			defaultConfigurationIsVisible = 0;
			defaultConfigurationName = Release;
		};
		119FF58220737143006EDC6C /* Build configuration list for PBXNativeTarget "KyutechAppUITests" */ = {
			isa = XCConfigurationList;
			buildConfigurations = (
				119FF58320737143006EDC6C /* Debug */,
				119FF58420737143006EDC6C /* Release */,
			);
			defaultConfigurationIsVisible = 0;
			defaultConfigurationName = Release;
		};
/* End XCConfigurationList section */
	};
	rootObject = 119FF54C20737141006EDC6C /* Project object */;
}
